{
  "nodes": {
    "casaos-ui": {
      "flake": false,
      "locked": {
        "lastModified": 1791404581,
        "narHash": "sha256-sZP/LxRZKrS7ihP5IqirYKp+A1f5PBhsOc0MsxtXgCg=",
        "owner": "ppenguin",
        "repo": "ReCasaOS-UI-EF",
        "rev": "6012c08b816748e9ffbc9c1b97440816d118640a",
        "type": "github"
      },
      "original": {
        "owner": "ppenguin",
        "ref": "recasanix-preview",
        "repo": "ReCasaOS-UI-EF",
        "type": "github"
      }
    },
    "flake-compat": {
      "flake": false,
      "locked": {
        "lastModified": 1767039857,
        "narHash": "sha256-vNpUSpF5Nuw8xvDLj2KCwwksIbjua2LZCqhV1LNRDns=",
        "owner": "NixOS",
        "repo": "flake-compat",
        "rev": "5edf11c44bc78a0d334f6334cdaf7d60d732daab",
        "type": "github"
      },
      "original": {
        "owner": "NixOS",
        "repo": "flake-compat",
        "type": "github"
      }
    },
    "flake-parts": {
      "inputs": {
        "nixpkgs-lib": [
          "nixpkgs"
        ]
      },
      "locked": {
        "lastModified": 1788450739,
        "narHash": "sha256-glZLQlzIn1fXH6PazR2iUmTo7kzzyYSshrWhLS9TqCU=",
        "owner": "hercules-ci",
        "repo": "flake-parts",
        "rev": "31729ca8cbdb4fa927b34e5f4353e6a83f39e993",
        "type": "github"
      },
      "original": {
        "owner": "hercules-ci",
        "repo": "flake-parts",
        "type": "github"
      }
    },
    "git-hooks": {
      "inputs": {
        "flake-compat": "flake-compat",
        "nixpkgs": [
          "nixpkgs"
        ]
      },
      "locked": {
        "lastModified": 1790500375,
        "narHash": "sha256-XN3sDtn8TU9hAc9xqZ+SqRB/HHm2wjxM6aSWYLJU+oo=",
        "owner": "cachix",
        "repo": "git-hooks.nix",
        "rev": "a0e4241b51206fbcbf52fd322eb5f0cd80f153c4",
        "type": "github"
      },
      "original": {
        "owner": "cachix",
        "repo": "git-hooks.nix",
        "type": "github"
      }
    },
    "nixpkgs": {
      "locked": {
        "lastModified": 1789785513,
        "narHash": "sha256-B44WL6h0XoLjJ41bUPJk0X5SDinLCII//6EcBLXKiJ0=",
        "rev": "20b1ddd1aa5ace70c9468305030aa4f9ef79671b",
        "revCount": 1076192,
        "type": "tarball",
        "url": "https://api.flakehub.com/f/pinned/NixOS/nixpkgs/0.1.1076192%2Brev-20b1ddd1aa5ace70c9468305030aa4f9ef79671b/01a0bae8-06eb-7ec1-9128-ba6a8ce0b21b/source.tar.gz"
      },
      "original": {
        "type": "tarball",
        "url": "https://flakehub.com/f/NixOS/nixpkgs/0.1.tar.gz"
      }
    },
    "recasaos": {
      "flake": false,
      "locked": {
        "lastModified": 1791404590,
        "narHash": "sha256-iBgph0m8FEHgQS2qyul7aqMsHL6aBV7tbh+0R69uoI8=",
        "owner": "ppenguin",
        "repo": "ReCasaOS-EF",
        "rev": "6beddd829660b0821b6e4fabfaca0f639df5b034",
        "type": "github"
      },
      "original": {
        "owner": "ppenguin",
        "ref": "recasanix-preview",
        "repo": "ReCasaOS-EF",
        "type": "github"
      }
    },
    "recasaos-app-management": {
      "flake": false,
      "locked": {
        "lastModified": 1791404594,
        "narHash": "sha256-5iBHXeQvxNwZn10TCNUdsgowvjVBl5eeu/QjiPPaDUw=",
        "owner": "ppenguin",
        "repo": "ReCasaOS-AppManagement-EF",
        "rev": "2a9224c20b0cea4b18d9ade730b2cd9db3a91524",
        "type": "github"
      },
      "original": {
        "owner": "ppenguin",
        "ref": "recasanix-preview",
        "repo": "ReCasaOS-AppManagement-EF",
        "type": "github"
      }
    },
    "recasaos-gateway": {
      "flake": false,
      "locked": {
        "lastModified": 1789671474,
        "narHash": "sha256-VQC+Vm7YJgnTyQ+gaL4qOyvr6sDt5FJs2NrKDtyUKtE=",
        "owner": "EdmundFu-233",
        "repo": "ReCasaOS-Gateway",
        "rev": "ba42b100337ee42c00c3dad1d49caf1450596064",
        "type": "github"
      },
      "original": {
        "owner": "EdmundFu-233",
        "repo": "ReCasaOS-Gateway",
        "type": "github"
      }
    },
    "recasaos-message-bus": {
      "flake": false,
      "locked": {
        "lastModified": 1791404597,
        "narHash": "sha256-hL/2jhT1gcpczJ72nAZZxIzJpLsV2uUyPl6mFaUwlzU=",
        "owner": "ppenguin",
        "repo": "ReCasaOS-MessageBus-EF",
        "rev": "980469e85831b2f0a7a98514c71c18327241fa88",
        "type": "github"
      },
      "original": {
        "owner": "ppenguin",
        "ref": "recasanix-preview",
        "repo": "ReCasaOS-MessageBus-EF",
        "type": "github"
      }
    },
    "recasaos-user-service": {
      "flake": false,
      "locked": {
        "lastModified": 1791404600,
        "narHash": "sha256-enRM/IwWxMHuE48bU7IZbKJ7Tm5meXZuhYAh/NMX+Uc=",
        "owner": "ppenguin",
        "repo": "ReCasaOS-UserService-EF",
        "rev": "4b195938c5dd297e6eab05359f095fb7b6a658cf",
        "type": "github"
      },
      "original": {
        "owner": "ppenguin",
        "ref": "recasanix-preview",
        "repo": "ReCasaOS-UserService-EF",
        "type": "github"
      }
    },
    "root": {
      "inputs": {
        "casaos-ui": "casaos-ui",
        "flake-parts": "flake-parts",
        "git-hooks": "git-hooks",
        "nixpkgs": "nixpkgs",
        "recasaos": "recasaos",
        "recasaos-app-management": "recasaos-app-management",
        "recasaos-gateway": "recasaos-gateway",
        "recasaos-message-bus": "recasaos-message-bus",
        "recasaos-user-service": "recasaos-user-service"
      }
    }
  },
  "root": "root",
  "version": 7
}
